
Microsoft Visual Studio Solution File, Format Version 12.00
# Visual Studio Version 17
VisualStudioVersion = 17.8.34601.278
MinimumVisualStudioVersion = 10.0.40219.1
Project("{9A19103F-16F7-4668-BE54-9A1E7A4F7556}") = "EoE", "EoE\EoE.csproj", "{365E9AB7-73D6-4355-8F1C-878D23F8944B}"
EndProject
Project("{9A19103F-16F7-4668-BE54-9A1E7A4F7556}") = "EoE.Server", "EoEServer\EoE.Server.csproj", "{1EEC7E45-EE59-44CF-A974-999B3B425CC4}"
EndProject
Project("{9A19103F-16F7-4668-BE54-9A1E7A4F7556}") = "EoE.Client", "EoEClient\EoE.Client.csproj", "{3BC299E4-2C08-4605-A1EA-217A658C08C5}"
EndProject
Project("{9A19103F-16F7-4668-BE54-9A1E7A4F7556}") = "EoE.Test", "EoETest\EoE.Test.csproj", "{A9624B87-6A7C-440A-A179-6AD78F72BC99}"
EndProject
Global
	GlobalSection(SolutionConfigurationPlatforms) = preSolution
		Debug|Any CPU = Debug|Any CPU
		Release|Any CPU = Release|Any CPU
	EndGlobalSection
	GlobalSection(ProjectConfigurationPlatforms) = postSolution
		{365E9AB7-73D6-4355-8F1C-878D23F8944B}.Debug|Any CPU.ActiveCfg = Debug|Any CPU
		{365E9AB7-73D6-4355-8F1C-878D23F8944B}.Debug|Any CPU.Build.0 = Debug|Any CPU
		{365E9AB7-73D6-4355-8F1C-878D23F8944B}.Release|Any CPU.ActiveCfg = Release|Any CPU
		{365E9AB7-73D6-4355-8F1C-878D23F8944B}.Release|Any CPU.Build.0 = Release|Any CPU
		{1EEC7E45-EE59-44CF-A974-999B3B425CC4}.Debug|Any CPU.ActiveCfg = Debug|Any CPU
		{1EEC7E45-EE59-44CF-A974-999B3B425CC4}.Debug|Any CPU.Build.0 = Debug|Any CPU
		{1EEC7E45-EE59-44CF-A974-999B3B425CC4}.Release|Any CPU.ActiveCfg = Release|Any CPU
		{1EEC7E45-EE59-44CF-A974-999B3B425CC4}.Release|Any CPU.Build.0 = Release|Any CPU
		{3BC299E4-2C08-4605-A1EA-217A658C08C5}.Debug|Any CPU.ActiveCfg = Debug|Any CPU
		{3BC299E4-2C08-4605-A1EA-217A658C08C5}.Debug|Any CPU.Build.0 = Debug|Any CPU
		{3BC299E4-2C08-4605-A1EA-217A658C08C5}.Release|Any CPU.ActiveCfg = Release|Any CPU
		{3BC299E4-2C08-4605-A1EA-217A658C08C5}.Release|Any CPU.Build.0 = Release|Any CPU
		{A9624B87-6A7C-440A-A179-6AD78F72BC99}.Debug|Any CPU.ActiveCfg = Debug|Any CPU
		{A9624B87-6A7C-440A-A179-6AD78F72BC99}.Debug|Any CPU.Build.0 = Debug|Any CPU
		{A9624B87-6A7C-440A-A179-6AD78F72BC99}.Release|Any CPU.ActiveCfg = Release|Any CPU
		{A9624B87-6A7C-440A-A179-6AD78F72BC99}.Release|Any CPU.Build.0 = Release|Any CPU
	EndGlobalSection
	GlobalSection(SolutionProperties) = preSolution
		HideSolutionNode = FALSE
	EndGlobalSection
	GlobalSection(ExtensibilityGlobals) = postSolution
		SolutionGuid = {55F29313-10AD-45E5-A628-B55C217D1F77}
	EndGlobalSection
EndGlobal
